// !$*UTF8*$!
{
	archiveVersion = 1;
	classes = {
	};
	objectVersion = 48;
	objects = {

/* Begin PBXBuildFile section */
		272D351B1F4327C500FEA051 /* AppDelegate.swift in Sources */ = {isa = PBXBuildFile; fileRef = 272D351A1F4327C500FEA051 /* AppDelegate.swift */; };
		272D351D1F4327C500FEA051 /* WelcomeVC.swift in Sources */ = {isa = PBXBuildFile; fileRef = 272D351C1F4327C500FEA051 /* WelcomeVC.swift */; };
		272D35201F4327C500FEA051 /* Main.storyboard in Resources */ = {isa = PBXBuildFile; fileRef = 272D351E1F4327C500FEA051 /* Main.storyboard */; };
		272D35221F4327C500FEA051 /* Assets.xcassets in Resources */ = {isa = PBXBuildFile; fileRef = 272D35211F4327C500FEA051 /* Assets.xcassets */; };
		272D35251F4327C500FEA051 /* LaunchScreen.storyboard in Resources */ = {isa = PBXBuildFile; fileRef = 272D35231F4327C500FEA051 /* LaunchScreen.storyboard */; };
		272D352E1F43301200FEA051 /* BorderButton.swift in Sources */ = {isa = PBXBuildFile; fileRef = 272D352D1F43301200FEA051 /* BorderButton.swift */; };
		27D6E8AD1F48AC680044B3FD /* LeagueVC.swift in Sources */ = {isa = PBXBuildFile; fileRef = 27D6E8AC1F48AC680044B3FD /* LeagueVC.swift */; };
		27D6E8B11F48ACD70044B3FD /* SkillVC.swift in Sources */ = {isa = PBXBuildFile; fileRef = 27D6E8B01F48ACD70044B3FD /* SkillVC.swift */; };
/* End PBXBuildFile section */

/* Begin PBXFileReference section */
		272D35171F4327C500FEA051 /* App_Swoosh.app */ = {isa = PBXFileReference; explicitFileType = wrapper.application; includeInIndex = 0; path = App_Swoosh.app; sourceTree = BUILT_PRODUCTS_DIR; };
		272D351A1F4327C500FEA051 /* AppDelegate.swift */ = {isa = PBXFileReference; lastKnownFileType = sourcecode.swift; path = AppDelegate.swift; sourceTree = "<group>"; };
		272D351C1F4327C500FEA051 /* WelcomeVC.swift */ = {isa = PBXFileReference; lastKnownFileType = sourcecode.swift; path = WelcomeVC.swift; sourceTree = "<group>"; };
		272D351F1F4327C500FEA051 /* Base */ = {isa = PBXFileReference; lastKnownFileType = file.storyboard; name = Base; path = Base.lproj/Main.storyboard; sourceTree = "<group>"; };
		272D35211F4327C500FEA051 /* Assets.xcassets */ = {isa = PBXFileReference; lastKnownFileType = folder.assetcatalog; path = Assets.xcassets; sourceTree = "<group>"; };
		272D35241F4327C500FEA051 /* Base */ = {isa = PBXFileReference; lastKnownFileType = file.storyboard; name = Base; path = Base.lproj/LaunchScreen.storyboard; sourceTree = "<group>"; };
		272D35261F4327C500FEA051 /* Info.plist */ = {isa = PBXFileReference; lastKnownFileType = text.plist.xml; path = Info.plist; sourceTree = "<group>"; };
		272D352D1F43301200FEA051 /* BorderButton.swift */ = {isa = PBXFileReference; lastKnownFileType = sourcecode.swift; path = BorderButton.swift; sourceTree = "<group>"; };
		27D6E8AC1F48AC680044B3FD /* LeagueVC.swift */ = {isa = PBXFileReference; lastKnownFileType = sourcecode.swift; path = LeagueVC.swift; sourceTree = "<group>"; };
		27D6E8B01F48ACD70044B3FD /* SkillVC.swift */ = {isa = PBXFileReference; lastKnownFileType = sourcecode.swift; path = SkillVC.swift; sourceTree = "<group>"; };
/* End PBXFileReference section */

/* Begin PBXFrameworksBuildPhase section */
		272D35141F4327C500FEA051 /* Frameworks */ = {
			isa = PBXFrameworksBuildPhase;
			buildActionMask = 2147483647;
			files = (
			);
			runOnlyForDeploymentPostprocessing = 0;
		};
/* End PBXFrameworksBuildPhase section */

/* Begin PBXGroup section */
		272D350E1F4327C500FEA051 = {
			isa = PBXGroup;
			children = (
				272D35191F4327C500FEA051 /* App_Swoosh */,
				272D35181F4327C500FEA051 /* Products */,
			);
			sourceTree = "<group>";
		};
		272D35181F4327C500FEA051 /* Products */ = {
			isa = PBXGroup;
			children = (
				272D35171F4327C500FEA051 /* App_Swoosh.app */,
			);
			name = Products;
			sourceTree = "<group>";
		};
		272D35191F4327C500FEA051 /* App_Swoosh */ = {
			isa = PBXGroup;
			children = (
				27D6E8AA1F48AB2C0044B3FD /* Model */,
				27D6E8AB1F48AB330044B3FD /* Controller */,
				272D352C1F432F9500FEA051 /* View */,
				272D351A1F4327C500FEA051 /* AppDelegate.swift */,
				272D351E1F4327C500FEA051 /* Main.storyboard */,
				272D35211F4327C500FEA051 /* Assets.xcassets */,
				272D35231F4327C500FEA051 /* LaunchScreen.storyboard */,
				272D35261F4327C500FEA051 /* Info.plist */,
			);
			path = App_Swoosh;
			sourceTree = "<group>";
		};
		272D352C1F432F9500FEA051 /* View */ = {
			isa = PBXGroup;
			children = (
				272D352D1F43301200FEA051 /* BorderButton.swift */,
			);
			path = View;
			sourceTree = "<group>";
		};
		27D6E8AA1F48AB2C0044B3FD /* Model */ = {
			isa = PBXGroup;
			children = (
			);
			path = Model;
			sourceTree = "<group>";
		};
		27D6E8AB1F48AB330044B3FD /* Controller */ = {
			isa = PBXGroup;
			children = (
				272D351C1F4327C500FEA051 /* WelcomeVC.swift */,
				27D6E8AC1F48AC680044B3FD /* LeagueVC.swift */,
				27D6E8B01F48ACD70044B3FD /* SkillVC.swift */,
			);
			path = Controller;
			sourceTree = "<group>";
		};
/* End PBXGroup section */

/* Begin PBXNativeTarget section */
		272D35161F4327C500FEA051 /* App_Swoosh */ = {
			isa = PBXNativeTarget;
			buildConfigurationList = 272D35291F4327C500FEA051 /* Build configuration list for PBXNativeTarget "App_Swoosh" */;
			buildPhases = (
				272D35131F4327C500FEA051 /* Sources */,
				272D35141F4327C500FEA051 /* Frameworks */,
				272D35151F4327C500FEA051 /* Resources */,
			);
			buildRules = (
			);
			dependencies = (
			);
			name = App_Swoosh;
			productName = App_Swoosh;
			productReference = 272D35171F4327C500FEA051 /* App_Swoosh.app */;
			productType = "com.apple.product-type.application";
		};
/* End PBXNativeTarget section */

/* Begin PBXProject section */
		272D350F1F4327C500FEA051 /* Project object */ = {
			isa = PBXProject;
			attributes = {
				LastSwiftUpdateCheck = 0900;
				LastUpgradeCheck = 0900;
				ORGANIZATIONNAME = "Jetpack Unicorn";
				TargetAttributes = {
					272D35161F4327C500FEA051 = {
						CreatedOnToolsVersion = 9.0;
					};
				};
			};
			buildConfigurationList = 272D35121F4327C500FEA051 /* Build configuration list for PBXProject "App_Swoosh" */;
			compatibilityVersion = "Xcode 8.0";
			developmentRegion = en;
			hasScannedForEncodings = 0;
			knownRegions = (
				en,
				Base,
			);
			mainGroup = 272D350E1F4327C500FEA051;
			productRefGroup = 272D35181F4327C500FEA051 /* Products */;
			projectDirPath = "";
			projectRoot = "";
			targets = (
				272D35161F4327C500FEA051 /* App_Swoosh */,
			);
		};
/* End PBXProject section */

/* Begin PBXResourcesBuildPhase section */
		272D35151F4327C500FEA051 /* Resources */ = {
			isa = PBXResourcesBuildPhase;
			buildActionMask = 2147483647;
			files = (
				272D35251F4327C500FEA051 /* LaunchScreen.storyboard in Resources */,
				272D35221F4327C500FEA051 /* Assets.xcassets in Resources */,
				272D35201F4327C500FEA051 /* Main.storyboard in Resources */,
			);
			runOnlyForDeploymentPostprocessing = 0;
		};
/* End PBXResourcesBuildPhase section */

/* Begin PBXSourcesBuildPhase section */
		272D35131F4327C500FEA051 /* Sources */ = {
			isa = PBXSourcesBuildPhase;
			buildActionMask = 2147483647;
			files = (
				272D351D1F4327C500FEA051 /* WelcomeVC.swift in Sources */,
				27D6E8AD1F48AC680044B3FD /* LeagueVC.swift in Sources */,
				272D351B1F4327C500FEA051 /* AppDelegate.swift in Sources */,
				27D6E8B11F48ACD70044B3FD /* SkillVC.swift in Sources */,
				272D352E1F43301200FEA051 /* BorderButton.swift in Sources */,
			);
			runOnlyForDeploymentPostprocessing = 0;
		};
/* End PBXSourcesBuildPhase section */

/* Begin PBXVariantGroup section */
		272D351E1F4327C500FEA051 /* Main.storyboard */ = {
			isa = PBXVariantGroup;
			children = (
				272D351F1F4327C500FEA051 /* Base */,
			);
			name = Main.storyboard;
			sourceTree = "<group>";
		};
		272D35231F4327C500FEA051 /* LaunchScreen.storyboard */ = {
			isa = PBXVariantGroup;
			children = (
				272D35241F4327C500FEA051 /* Base */,
			);
			name = LaunchScreen.storyboard;
			sourceTree = "<group>";
		};
/* End PBXVariantGroup section */

/* Begin XCBuildConfiguration section */
		272D35271F4327C500FEA051 /* Debug */ = {
			isa = XCBuildConfiguration;
			buildSettings = {
				ALWAYS_SEARCH_USER_PATHS = NO;
				CLANG_ANALYZER_NONNULL = YES;
				CLANG_ANALYZER_NUMBER_OBJECT_CONVERSION = YES_AGGRESSIVE;
				CLANG_CXX_LANGUAGE_STANDARD = "gnu++14";
				CLANG_CXX_LIBRARY = "libc++";
				CLANG_ENABLE_MODULES = YES;
				CLANG_ENABLE_OBJC_ARC = YES;
				CLANG_WARN_BLOCK_CAPTURE_AUTORELEASING = YES;
				CLANG_WARN_BOOL_CONVERSION = YES;
				CLANG_WARN_COMMA = YES;
				CLANG_WARN_CONSTANT_CONVERSION = YES;
				CLANG_WARN_DIRECT_OBJC_ISA_USAGE = YES_ERROR;
				CLANG_WARN_DOCUMENTATION_COMMENTS = YES;
				CLANG_WARN_EMPTY_BODY = YES;
				CLANG_WARN_ENUM_CONVERSION = YES;
				CLANG_WARN_INFINITE_RECURSION = YES;
				CLANG_WARN_INT_CONVERSION = YES;
				CLANG_WARN_NON_LITERAL_NULL_CONVERSION = YES;
				CLANG_WARN_OBJC_LITERAL_CONVERSION = YES;
				CLANG_WARN_OBJC_ROOT_CLASS = YES_ERROR;
				CLANG_WARN_RANGE_LOOP_ANALYSIS = YES;
				CLANG_WARN_STRICT_PROTOTYPES = YES;
				CLANG_WARN_SUSPICIOUS_MOVE = YES;
				CLANG_WARN_UNGUARDED_AVAILABILITY = YES_AGGRESSIVE;
				CLANG_WARN_UNREACHABLE_CODE = YES;
				CLANG_WARN__DUPLICATE_METHOD_MATCH = YES;
				CODE_SIGN_IDENTITY = "iPhone Developer";
				COPY_PHASE_STRIP = NO;
				DEBUG_INFORMATION_FORMAT = dwarf;
				ENABLE_STRICT_OBJC_MSGSEND = YES;
				ENABLE_TESTABILITY = YES;
				GCC_C_LANGUAGE_STANDARD = gnu11;
				GCC_DYNAMIC_NO_PIC = NO;
				GCC_NO_COMMON_BLOCKS = YES;
				GCC_OPTIMIZATION_LEVEL = 0;
				GCC_PREPROCESSOR_DEFINITIONS = (
					"DEBUG=1",
					"$(inherited)",
				);
				GCC_WARN_64_TO_32_BIT_CONVERSION = YES;
				GCC_WARN_ABOUT_RETURN_TYPE = YES_ERROR;
				GCC_WARN_UNDECLARED_SELECTOR = YES;
				GCC_WARN_UNINITIALIZED_AUTOS = YES_AGGRESSIVE;
				GCC_WARN_UNUSED_FUNCTION = YES;
				GCC_WARN_UNUSED_VARIABLE = YES;
				IPHONEOS_DEPLOYMENT_TARGET = 11.0;
				MTL_ENABLE_DEBUG_INFO = YES;
				ONLY_ACTIVE_ARCH = YES;
				SDKROOT = iphoneos;
				SWIFT_ACTIVE_COMPILATION_CONDITIONS = DEBUG;
				SWIFT_OPTIMIZATION_LEVEL = "-Onone";
			};
			name = Debug;
		};
		272D35281F4327C500FEA051 /* Release */ = {
			isa = XCBuildConfiguration;
			buildSettings = {
				ALWAYS_SEARCH_USER_PATHS = NO;
				CLANG_ANALYZER_NONNULL = YES;
				CLANG_ANALYZER_NUMBER_OBJECT_CONVERSION = YES_AGGRESSIVE;
				CLANG_CXX_LANGUAGE_STANDARD = "gnu++14";
				CLANG_CXX_LIBRARY = "libc++";
				CLANG_ENABLE_MODULES = YES;
				CLANG_ENABLE_OBJC_ARC = YES;
				CLANG_WARN_BLOCK_CAPTURE_AUTORELEASING = YES;
				CLANG_WARN_BOOL_CONVERSION = YES;
				CLANG_WARN_COMMA = YES;
				CLANG_WARN_CONSTANT_CONVERSION = YES;
				CLANG_WARN_DIRECT_OBJC_ISA_USAGE = YES_ERROR;
				CLANG_WARN_DOCUMENTATION_COMMENTS = YES;
				CLANG_WARN_EMPTY_BODY = YES;
				CLANG_WARN_ENUM_CONVERSION = YES;
				CLANG_WARN_INFINITE_RECURSION = YES;
				CLANG_WARN_INT_CONVERSION = YES;
				CLANG_WARN_NON_LITERAL_NULL_CONVERSION = YES;
				CLANG_WARN_OBJC_LITERAL_CONVERSION = YES;
				CLANG_WARN_OBJC_ROOT_CLASS = YES_ERROR;
				CLANG_WARN_RANGE_LOOP_ANALYSIS = YES;
				CLANG_WARN_STRICT_PROTOTYPES = YES;
				CLANG_WARN_SUSPICIOUS_MOVE = YES;
				CLANG_WARN_UNGUARDED_AVAILABILITY = YES_AGGRESSIVE;
				CLANG_WARN_UNREACHABLE_CODE = YES;
				CLANG_WARN__DUPLICATE_METHOD_MATCH = YES;
				CODE_SIGN_IDENTITY = "iPhone Developer";
				COPY_PHASE_STRIP = NO;
				DEBUG_INFORMATION_FORMAT = "dwarf-with-dsym";
				ENABLE_NS_ASSERTIONS = NO;
				ENABLE_STRICT_OBJC_MSGSEND = YES;
				GCC_C_LANGUAGE_STANDARD = gnu11;
				GCC_NO_COMMON_BLOCKS = YES;
				GCC_WARN_64_TO_32_BIT_CONVERSION = YES;
				GCC_WARN_ABOUT_RETURN_TYPE = YES_ERROR;
				GCC_WARN_UNDECLARED_SELECTOR = YES;
				GCC_WARN_UNINITIALIZED_AUTOS = YES_AGGRESSIVE;
				GCC_WARN_UNUSED_FUNCTION = YES;
				GCC_WARN_UNUSED_VARIABLE = YES;
				IPHONEOS_DEPLOYMENT_TARGET = 11.0;
				MTL_ENABLE_DEBUG_INFO = NO;
				SDKROOT = iphoneos;
				SWIFT_OPTIMIZATION_LEVEL = "-Owholemodule";
				VALIDATE_PRODUCT = YES;
			};
			name = Release;
		};
		272D352A1F4327C500FEA051 /* Debug */ = {
			isa = XCBuildConfiguration;
			buildSettings = {
				ASSETCATALOG_COMPILER_APPICON_NAME = AppIcon;
				DEVELOPMENT_TEAM = 7BXZXT7P5D;
				INFOPLIST_FILE = App_Swoosh/Info.plist;
				LD_RUNPATH_SEARCH_PATHS = "$(inherited) @executable_path/Frameworks";
				PRODUCT_BUNDLE_IDENTIFIER = "self.edu.vpaul.App-Swoosh";
				PRODUCT_NAME = "$(TARGET_NAME)";
				SWIFT_VERSION = 4.0;
				TARGETED_DEVICE_FAMILY = "1,2";
			};
			name = Debug;
		};
		272D352B1F4327C500FEA051 /* Release */ = {
			isa = XCBuildConfiguration;
			buildSettings = {
				ASSETCATALOG_COMPILER_APPICON_NAME = AppIcon;
				DEVELOPMENT_TEAM = 7BXZXT7P5D;
				INFOPLIST_FILE = App_Swoosh/Info.plist;
				LD_RUNPATH_SEARCH_PATHS = "$(inherited) @executable_path/Frameworks";
				PRODUCT_BUNDLE_IDENTIFIER = "self.edu.vpaul.App-Swoosh";
				PRODUCT_NAME = "$(TARGET_NAME)";
				SWIFT_VERSION = 4.0;
				TARGETED_DEVICE_FAMILY = "1,2";
			};
			name = Release;
		};
/* End XCBuildConfiguration section */

/* Begin XCConfigurationList section */
		272D35121F4327C500FEA051 /* Build configuration list for PBXProject "App_Swoosh" */ = {
			isa = XCConfigurationList;
			buildConfigurations = (
				272D35271F4327C500FEA051 /* Debug */,
				272D35281F4327C500FEA051 /* Release */,
			);
			defaultConfigurationIsVisible = 0;
			defaultConfigurationName = Release;
		};
		272D35291F4327C500FEA051 /* Build configuration list for PBXNativeTarget "App_Swoosh" */ = {
			isa = XCConfigurationList;
			buildConfigurations = (
				272D352A1F4327C500FEA051 /* Debug */,
				272D352B1F4327C500FEA051 /* Release */,
			);
			defaultConfigurationIsVisible = 0;
			defaultConfigurationName = Release;
		};
/* End XCConfigurationList section */
	};
	rootObject = 272D350F1F4327C500FEA051 /* Project object */;
}
